
Microsoft Visual Studio Solution File, Format Version 12.00
# Visual Studio Version 16
VisualStudioVersion = 16.0.28803.202
MinimumVisualStudioVersion = 10.0.40219.1
Project("{FAE04EC0-301F-11D3-BF4B-00C04F79EFBC}") = "WpfAnalogClock1", "WpfAnalogClock1\WpfAnalogClock1.csproj", "{3945152A-F4D4-4D91-A042-FC003D672F84}"
EndProject
Project("{FAE04EC0-301F-11D3-BF4B-00C04F79EFBC}") = "WpfAnalogClock2", "WpfAnalogClock2\WpfAnalogClock2.csproj", "{637C5062-7C87-45B3-B328-5912AB2C2B36}"
EndProject
Global
	GlobalSection(SolutionConfigurationPlatforms) = preSolution
		Debug|Any CPU = Debug|Any CPU
		Release|Any CPU = Release|Any CPU
	EndGlobalSection
	GlobalSection(ProjectConfigurationPlatforms) = postSolution
		{3945152A-F4D4-4D91-A042-FC003D672F84}.Debug|Any CPU.ActiveCfg = Debug|Any CPU
		{3945152A-F4D4-4D91-A042-FC003D672F84}.Debug|Any CPU.Build.0 = Debug|Any CPU
		{3945152A-F4D4-4D91-A042-FC003D672F84}.Release|Any CPU.ActiveCfg = Release|Any CPU
		{3945152A-F4D4-4D91-A042-FC003D672F84}.Release|Any CPU.Build.0 = Release|Any CPU
		{637C5062-7C87-45B3-B328-5912AB2C2B36}.Debug|Any CPU.ActiveCfg = Debug|Any CPU
		{637C5062-7C87-45B3-B328-5912AB2C2B36}.Debug|Any CPU.Build.0 = Debug|Any CPU
		{637C5062-7C87-45B3-B328-5912AB2C2B36}.Release|Any CPU.ActiveCfg = Release|Any CPU
		{637C5062-7C87-45B3-B328-5912AB2C2B36}.Release|Any CPU.Build.0 = Release|Any CPU
	EndGlobalSection
	GlobalSection(SolutionProperties) = preSolution
		HideSolutionNode = FALSE
	EndGlobalSection
	GlobalSection(ExtensibilityGlobals) = postSolution
		SolutionGuid = {012BA71E-F387-4C3F-9AD3-D1F761A60360}
	EndGlobalSection
EndGlobal
